PODS:
  - CardIO (5.4.1)
  - FunctionalSwift (1.2.0)
  - MoneyAuth (2.21.0):
    - FunctionalSwift
    - ThreatMetrixAdapter
    - YooMoneyCoreApi
  - Reveal-SDK (27)
  - SwiftLint (0.41.0)
  - ThreatMetrixAdapter (2.0.0)
  - YandexMobileMetrica/Dynamic (3.12.0):
    - YandexMobileMetrica/Dynamic/Core (= 3.12.0)
    - YandexMobileMetrica/Dynamic/Crashes (= 3.12.0)
  - YandexMobileMetrica/Dynamic/Core (3.12.0)
  - YandexMobileMetrica/Dynamic/Crashes (3.12.0):
    - YandexMobileMetrica/Dynamic/Core
  - YooKassaPayments (6.0.0):
    - MoneyAuth (~> 2.21.0)
    - ThreatMetrixAdapter (~> 2.0.0)
    - YandexMobileMetrica/Dynamic (~> 3.12.0)
    - YooKassaPaymentsApi (~> 2.5.0)
    - YooKassaWalletApi (~> 2.3.0)
    - YooMoneyCoreApi (~> 1.9.0)
  - YooKassaPaymentsApi (2.5.0):
    - FunctionalSwift (~> 1.2.0)
    - YooMoneyCoreApi (~> 1.9.0)
  - YooKassaWalletApi (2.3.0):
    - FunctionalSwift (~> 1.2.0)
    - YooMoneyCoreApi (~> 1.9.0)
  - YooMoneyCoreApi (1.9.0):
    - FunctionalSwift (~> 1.2.0)

DEPENDENCIES:
  - CardIO
  - Reveal-SDK
  - SwiftLint
  - YooKassaPayments (from `./`)

SPEC REPOS:
  "git@github.com:yoomoney-tech/cocoa-pod-specs.git":
    - MoneyAuth
    - ThreatMetrixAdapter
  https://github.com/CocoaPods/Specs.git:
    - CardIO
    - FunctionalSwift
    - Reveal-SDK
    - SwiftLint
    - YandexMobileMetrica
    - YooKassaPaymentsApi
    - YooKassaWalletApi
    - YooMoneyCoreApi

EXTERNAL SOURCES:
  YooKassaPayments:
    :path: "./"

SPEC CHECKSUMS:
  CardIO: 56983b39b62f495fc6dae9ad7cf875143df06443
  FunctionalSwift: 1b839fcf50b8db067885938df54f818518356dbb
  MoneyAuth: 60e6885924b05d05dbe13c91d034db37cd2d918f
  Reveal-SDK: 306e2880395ee396f5a8b4c485c3a86dd19866c7
  SwiftLint: c585ebd615d9520d7fbdbe151f527977b0534f1e
  ThreatMetrixAdapter: c5ea4cc20dd82931fabeb596c3e86d300c2d14fb
  YandexMobileMetrica: 7ba67267e1ef841f77d5db17a5091b8e9eba911f
  YooKassaPayments: 1318990581225c677c7f3ae8a18df9239f141866
  YooKassaPaymentsApi: c32f1f256f0d9f7bc69d89348bb480453872337c
  YooKassaWalletApi: 9ca2fa3c2827721d646ee8f770509e7eeea98743
  YooMoneyCoreApi: 4f40673a79d11e95af850bb97f264995ac47a873

PODFILE CHECKSUM: ecceb3f227ebee8f464a40c7b9ed3b7a0bc72774

COCOAPODS: 1.10.0
