PODS:
  - CardIO (5.4.1)
  - FunctionalSwift (1.1.2)
  - Reveal-SDK (24)
  - SwiftLint (0.34.0)
  - When (4.0.0)
  - YandexCheckoutPayments (3.0.0):
    - FunctionalSwift (~> 1.1.0)
    - When (~> 4.0.0)
    - YandexCheckoutPaymentsApi (~> 1.8.0)
    - YandexCheckoutShowcaseApi (~> 1.2.0)
    - YandexCheckoutWalletApi (~> 1.2.0)
    - YandexLoginSDK (~> 2.0.0)
    - YandexMobileMetrica/Dynamic (~> 3.7.0)
    - YandexMoneyCoreApi (~> 1.7.0)
  - YandexCheckoutPaymentsApi (1.8.0):
    - FunctionalSwift (~> 1.1.0)
    - YandexMoneyCoreApi (~> 1.7.0)
  - YandexCheckoutShowcaseApi (1.2.0):
    - FunctionalSwift (~> 1.1.0)
    - YandexMoneyCoreApi (~> 1.7.0)
  - YandexCheckoutWalletApi (1.2.0):
    - FunctionalSwift (~> 1.1.0)
    - YandexMoneyCoreApi (~> 1.7.0)
  - YandexLoginSDK (2.0.2)
  - YandexMobileMetrica/Dynamic (3.7.1):
    - YandexMobileMetrica/Dynamic/Core (= 3.7.1)
    - YandexMobileMetrica/Dynamic/Crashes (= 3.7.1)
  - YandexMobileMetrica/Dynamic/Core (3.7.1)
  - YandexMobileMetrica/Dynamic/Crashes (3.7.1):
    - YandexMobileMetrica/Dynamic/Core
  - YandexMoneyCoreApi (1.7.0):
    - FunctionalSwift (~> 1.1.0)

DEPENDENCIES:
  - CardIO
  - FunctionalSwift
  - Reveal-SDK
  - SwiftLint
  - YandexCheckoutPayments (from `./`)

SPEC REPOS:
  https://github.com/cocoapods/specs.git:
    - CardIO
    - FunctionalSwift
    - Reveal-SDK
    - SwiftLint
    - When
    - YandexCheckoutPaymentsApi
    - YandexCheckoutShowcaseApi
    - YandexCheckoutWalletApi
    - YandexLoginSDK
    - YandexMobileMetrica
    - YandexMoneyCoreApi

EXTERNAL SOURCES:
  YandexCheckoutPayments:
    :path: "./"

SPEC CHECKSUMS:
  CardIO: 56983b39b62f495fc6dae9ad7cf875143df06443
  FunctionalSwift: 8ac888d5c2f2c0ce6bf7d48daea1408a8bfdd864
  Reveal-SDK: 5d7e56b8f018c0a88b3a2c10bf68d598bbd3b071
  SwiftLint: 79d48a17c6565dc286c37efb8322c7b450f95c67
  When: 4ffc88d535a094ad4bd5eaf2fd187de747e716d1
  YandexCheckoutPayments: 7f8053c09c0ee7f6b2ab8152d29902067cdc2598
  YandexCheckoutPaymentsApi: fbe102bbfbab08a83da1a428a37f3d4b4bc1c28e
  YandexCheckoutShowcaseApi: 44382163176b3a53692fa1c3b85c0c8d0a82b7e6
  YandexCheckoutWalletApi: 5d2774cd1216ee0ce47d6412184008b37caeaeac
  YandexLoginSDK: cd407482207b4b7da75c5f7d7fd2fdd6a604c325
  YandexMobileMetrica: 95e93ee5af38520c9e470533dc8df6cf72fa171d
  YandexMoneyCoreApi: 3d9364913ee91bf3f453d75c9d10fef3ccc9dc4f

PODFILE CHECKSUM: 24a3aa931a52a8330400c4c7300eb83d2feda39a

COCOAPODS: 1.7.5
